
Microsoft Visual Studio Solution File, Format Version 12.00
# Visual Studio Version 16
VisualStudioVersion = 16.0.30503.244
MinimumVisualStudioVersion = 10.0.40219.1
Project("{FAE04EC0-301F-11D3-BF4B-00C04F79EFBC}") = "ConsolaNetCore", "ConsolaNetCore\ConsolaNetCore.csproj", "{7D9AC698-4D7F-4A1A-A8B6-CB881622ED01}"
EndProject
Project("{FAE04EC0-301F-11D3-BF4B-00C04F79EFBC}") = "Entidades", "ClasesNetCore\Entidades.csproj", "{5FF8CC79-BFE9-4147-A342-515753B56086}"
EndProject
Global
	GlobalSection(SolutionConfigurationPlatforms) = preSolution
		Debug|Any CPU = Debug|Any CPU
		Release|Any CPU = Release|Any CPU
	EndGlobalSection
	GlobalSection(ProjectConfigurationPlatforms) = postSolution
		{7D9AC698-4D7F-4A1A-A8B6-CB881622ED01}.Debug|Any CPU.ActiveCfg = Debug|Any CPU
		{7D9AC698-4D7F-4A1A-A8B6-CB881622ED01}.Debug|Any CPU.Build.0 = Debug|Any CPU
		{7D9AC698-4D7F-4A1A-A8B6-CB881622ED01}.Release|Any CPU.ActiveCfg = Release|Any CPU
		{7D9AC698-4D7F-4A1A-A8B6-CB881622ED01}.Release|Any CPU.Build.0 = Release|Any CPU
		{5FF8CC79-BFE9-4147-A342-515753B56086}.Debug|Any CPU.ActiveCfg = Debug|Any CPU
		{5FF8CC79-BFE9-4147-A342-515753B56086}.Debug|Any CPU.Build.0 = Debug|Any CPU
		{5FF8CC79-BFE9-4147-A342-515753B56086}.Release|Any CPU.ActiveCfg = Release|Any CPU
		{5FF8CC79-BFE9-4147-A342-515753B56086}.Release|Any CPU.Build.0 = Release|Any CPU
	EndGlobalSection
	GlobalSection(SolutionProperties) = preSolution
		HideSolutionNode = FALSE
	EndGlobalSection
	GlobalSection(ExtensibilityGlobals) = postSolution
		SolutionGuid = {710133DF-A092-4511-A406-47D2EED590C1}
	EndGlobalSection
EndGlobal
